
Microsoft Visual Studio Solution File, Format Version 12.00
# Visual Studio Version 17
VisualStudioVersion = 17.14.36414.22
MinimumVisualStudioVersion = 10.0.40219.1
Project("{FAE04EC0-301F-11D3-BF4B-00C04F79EFBC}") = "McST-S.Shared", "McST-S.Shared\McST-S.Shared.csproj", "{E81B7053-996E-483D-9635-4AE6F6950683}"
EndProject
Project("{FAE04EC0-301F-11D3-BF4B-00C04F79EFBC}") = "McST-S.Client.Win", "McST-S.Client.Win\McST-S.Client.Win.csproj", "{4766A401-E362-4C94-92F5-832FD8FB9397}"
EndProject
Project("{FAE04EC0-301F-11D3-BF4B-00C04F79EFBC}") = "McST-S.Server.API", "McST-S.Server.API\McST-S.Server.API.csproj", "{B0CFAE5D-BFA7-4018-A5E8-2907E0EAE809}"
EndProject
Project("{FAE04EC0-301F-11D3-BF4B-00C04F79EFBC}") = "McST-S.Client.Common", "McST-S.Client.Common\McST-S.Client.Common.csproj", "{400BB1BE-9EE8-4326-9FDB-EF5246A64005}"
EndProject
Project("{FAE04EC0-301F-11D3-BF4B-00C04F79EFBC}") = "McST-S.Client.Linux", "McST-S.Client.Linux\McST-S.Client.Linux.csproj", "{338154C4-11DD-4476-87D5-5106322A613C}"
EndProject
Project("{2150E333-8FDC-42A3-9474-1A3956D46DE8}") = "Clients", "Clients", "{02EA681E-C7D8-13C7-8484-4AC65E1B71E8}"
EndProject
Project("{2150E333-8FDC-42A3-9474-1A3956D46DE8}") = "Server", "Server", "{47B4F8D6-8F69-4EF3-84B1-4886A76F9936}"
EndProject
Project("{2150E333-8FDC-42A3-9474-1A3956D46DE8}") = "Shared", "Shared", "{40298C39-0124-4314-A3C0-F49CFBC55BB2}"
EndProject
Project("{2150E333-8FDC-42A3-9474-1A3956D46DE8}") = "Tests", "Tests", "{4F3742FA-4ED7-4542-99A4-A71607D09BD2}"
EndProject
Global
	GlobalSection(SolutionConfigurationPlatforms) = preSolution
		Debug|Any CPU = Debug|Any CPU
		Release|Any CPU = Release|Any CPU
	EndGlobalSection
	GlobalSection(ProjectConfigurationPlatforms) = postSolution
		{E81B7053-996E-483D-9635-4AE6F6950683}.Debug|Any CPU.ActiveCfg = Debug|Any CPU
		{E81B7053-996E-483D-9635-4AE6F6950683}.Debug|Any CPU.Build.0 = Debug|Any CPU
		{E81B7053-996E-483D-9635-4AE6F6950683}.Release|Any CPU.ActiveCfg = Release|Any CPU
		{E81B7053-996E-483D-9635-4AE6F6950683}.Release|Any CPU.Build.0 = Release|Any CPU
		{4766A401-E362-4C94-92F5-832FD8FB9397}.Debug|Any CPU.ActiveCfg = Debug|Any CPU
		{4766A401-E362-4C94-92F5-832FD8FB9397}.Debug|Any CPU.Build.0 = Debug|Any CPU
		{4766A401-E362-4C94-92F5-832FD8FB9397}.Release|Any CPU.ActiveCfg = Release|Any CPU
		{4766A401-E362-4C94-92F5-832FD8FB9397}.Release|Any CPU.Build.0 = Release|Any CPU
		{B0CFAE5D-BFA7-4018-A5E8-2907E0EAE809}.Debug|Any CPU.ActiveCfg = Debug|Any CPU
		{B0CFAE5D-BFA7-4018-A5E8-2907E0EAE809}.Debug|Any CPU.Build.0 = Debug|Any CPU
		{B0CFAE5D-BFA7-4018-A5E8-2907E0EAE809}.Release|Any CPU.ActiveCfg = Release|Any CPU
		{B0CFAE5D-BFA7-4018-A5E8-2907E0EAE809}.Release|Any CPU.Build.0 = Release|Any CPU
		{400BB1BE-9EE8-4326-9FDB-EF5246A64005}.Debug|Any CPU.ActiveCfg = Debug|Any CPU
		{400BB1BE-9EE8-4326-9FDB-EF5246A64005}.Debug|Any CPU.Build.0 = Debug|Any CPU
		{400BB1BE-9EE8-4326-9FDB-EF5246A64005}.Release|Any CPU.ActiveCfg = Release|Any CPU
		{400BB1BE-9EE8-4326-9FDB-EF5246A64005}.Release|Any CPU.Build.0 = Release|Any CPU
		{338154C4-11DD-4476-87D5-5106322A613C}.Debug|Any CPU.ActiveCfg = Debug|Any CPU
		{338154C4-11DD-4476-87D5-5106322A613C}.Debug|Any CPU.Build.0 = Debug|Any CPU
		{338154C4-11DD-4476-87D5-5106322A613C}.Release|Any CPU.ActiveCfg = Release|Any CPU
		{338154C4-11DD-4476-87D5-5106322A613C}.Release|Any CPU.Build.0 = Release|Any CPU
	EndGlobalSection
	GlobalSection(SolutionProperties) = preSolution
		HideSolutionNode = FALSE
	EndGlobalSection
	GlobalSection(NestedProjects) = preSolution
		{E81B7053-996E-483D-9635-4AE6F6950683} = {40298C39-0124-4314-A3C0-F49CFBC55BB2}
		{4766A401-E362-4C94-92F5-832FD8FB9397} = {02EA681E-C7D8-13C7-8484-4AC65E1B71E8}
		{B0CFAE5D-BFA7-4018-A5E8-2907E0EAE809} = {47B4F8D6-8F69-4EF3-84B1-4886A76F9936}
		{400BB1BE-9EE8-4326-9FDB-EF5246A64005} = {02EA681E-C7D8-13C7-8484-4AC65E1B71E8}
		{338154C4-11DD-4476-87D5-5106322A613C} = {02EA681E-C7D8-13C7-8484-4AC65E1B71E8}
	EndGlobalSection
	GlobalSection(ExtensibilityGlobals) = postSolution
		SolutionGuid = {DDFE2792-FF78-4D7E-8484-E370E9F8601D}
	EndGlobalSection
EndGlobal
